
Microsoft Visual Studio Solution File, Format Version 12.00
# Visual Studio 2013
VisualStudioVersion = 12.0.30723.0
MinimumVisualStudioVersion = 10.0.40219.1
Project("{FAE04EC0-301F-11D3-BF4B-00C04F79EFBC}") = "Atrico.Lib.CommandLineParser", "Atrico.Lib.CommandLineParser\Atrico.Lib.CommandLineParser.csproj", "{4CEFF42E-F21E-4B30-A31A-CBFBF3FC7458}"
EndProject
Project("{FAE04EC0-301F-11D3-BF4B-00C04F79EFBC}") = "Atrico.Lib.CommandLineParser.Test", "Atrico.Lib.CommandLineParser.Test\Atrico.Lib.CommandLineParser.Test.csproj", "{C6880C9F-9E5A-4C09-9401-5CF5323B65A1}"
EndProject
Global
	GlobalSection(SolutionConfigurationPlatforms) = preSolution
		Debug|Any CPU = Debug|Any CPU
		Release|Any CPU = Release|Any CPU
	EndGlobalSection
	GlobalSection(ProjectConfigurationPlatforms) = postSolution
		{4CEFF42E-F21E-4B30-A31A-CBFBF3FC7458}.Debug|Any CPU.ActiveCfg = Debug|Any CPU
		{4CEFF42E-F21E-4B30-A31A-CBFBF3FC7458}.Debug|Any CPU.Build.0 = Debug|Any CPU
		{4CEFF42E-F21E-4B30-A31A-CBFBF3FC7458}.Release|Any CPU.ActiveCfg = Release|Any CPU
		{4CEFF42E-F21E-4B30-A31A-CBFBF3FC7458}.Release|Any CPU.Build.0 = Release|Any CPU
		{C6880C9F-9E5A-4C09-9401-5CF5323B65A1}.Debug|Any CPU.ActiveCfg = Debug|Any CPU
		{C6880C9F-9E5A-4C09-9401-5CF5323B65A1}.Debug|Any CPU.Build.0 = Debug|Any CPU
		{C6880C9F-9E5A-4C09-9401-5CF5323B65A1}.Release|Any CPU.ActiveCfg = Release|Any CPU
		{C6880C9F-9E5A-4C09-9401-5CF5323B65A1}.Release|Any CPU.Build.0 = Release|Any CPU
	EndGlobalSection
	GlobalSection(SolutionProperties) = preSolution
		HideSolutionNode = FALSE
	EndGlobalSection
EndGlobal
